
Microsoft Visual Studio Solution File, Format Version 12.00
# Visual Studio Version 17
VisualStudioVersion = 17.8.34525.116
MinimumVisualStudioVersion = 10.0.40219.1
Project("{FAE04EC0-301F-11D3-BF4B-00C04F79EFBC}") = "U23957281_Prac_4", "U23957281_Prac_4.csproj", "{5DDB9C1D-E02A-49F1-B3C5-1885BEB6C4E5}"
EndProject
Global
	GlobalSection(SolutionConfigurationPlatforms) = preSolution
		Debug|Any CPU = Debug|Any CPU
		Release|Any CPU = Release|Any CPU
	EndGlobalSection
	GlobalSection(ProjectConfigurationPlatforms) = postSolution
		{5DDB9C1D-E02A-49F1-B3C5-1885BEB6C4E5}.Debug|Any CPU.ActiveCfg = Debug|Any CPU
		{5DDB9C1D-E02A-49F1-B3C5-1885BEB6C4E5}.Debug|Any CPU.Build.0 = Debug|Any CPU
		{5DDB9C1D-E02A-49F1-B3C5-1885BEB6C4E5}.Release|Any CPU.ActiveCfg = Release|Any CPU
		{5DDB9C1D-E02A-49F1-B3C5-1885BEB6C4E5}.Release|Any CPU.Build.0 = Release|Any CPU
	EndGlobalSection
	GlobalSection(SolutionProperties) = preSolution
		HideSolutionNode = FALSE
	EndGlobalSection
	GlobalSection(ExtensibilityGlobals) = postSolution
		SolutionGuid = {0AE3F32F-5805-4C2D-90BE-73D1ECD9DB2C}
	EndGlobalSection
EndGlobal
